// !$*UTF8*$!
{
	archiveVersion = 1;
	classes = {
	};
	objectVersion = 77;
	objects = {

/* Begin PBXBuildFile section */
		58E9FEF42DEF586C0063CE7C /* FirebaseAI in Frameworks */ = {isa = PBXBuildFile; productRef = 58E9FEF32DEF586C0063CE7C /* FirebaseAI */; };
		58E9FEF62DEF586C0063CE7C /* FirebaseAnalytics in Frameworks */ = {isa = PBXBuildFile; productRef = 58E9FEF52DEF586C0063CE7C /* FirebaseAnalytics */; };
		58E9FEF82DEF586C0063CE7C /* FirebaseAnalyticsOnDeviceConversion in Frameworks */ = {isa = PBXBuildFile; productRef = 58E9FEF72DEF586C0063CE7C /* FirebaseAnalyticsOnDeviceConversion */; };
		58E9FEFA2DEF586C0063CE7C /* FirebaseAnalyticsWithoutAdIdSupport in Frameworks */ = {isa = PBXBuildFile; productRef = 58E9FEF92DEF586C0063CE7C /* FirebaseAnalyticsWithoutAdIdSupport */; };
		58E9FEFC2DEF586C0063CE7C /* FirebaseAppCheck in Frameworks */ = {isa = PBXBuildFile; productRef = 58E9FEFB2DEF586C0063CE7C /* FirebaseAppCheck */; };
		58E9FEFE2DEF586C0063CE7C /* FirebaseAppDistribution-Beta in Frameworks */ = {isa = PBXBuildFile; productRef = 58E9FEFD2DEF586C0063CE7C /* FirebaseAppDistribution-Beta */; };
		58E9FF002DEF586C0063CE7C /* FirebaseAuth in Frameworks */ = {isa = PBXBuildFile; productRef = 58E9FEFF2DEF586C0063CE7C /* FirebaseAuth */; };
		58E9FF022DEF586C0063CE7C /* FirebaseAuthCombine-Community in Frameworks */ = {isa = PBXBuildFile; productRef = 58E9FF012DEF586C0063CE7C /* FirebaseAuthCombine-Community */; };
		58E9FF042DEF586C0063CE7C /* FirebaseCore in Frameworks */ = {isa = PBXBuildFile; productRef = 58E9FF032DEF586C0063CE7C /* FirebaseCore */; };
		58E9FF062DEF586C0063CE7C /* FirebaseCrashlytics in Frameworks */ = {isa = PBXBuildFile; productRef = 58E9FF052DEF586C0063CE7C /* FirebaseCrashlytics */; };
		58E9FF082DEF586C0063CE7C /* FirebaseDatabase in Frameworks */ = {isa = PBXBuildFile; productRef = 58E9FF072DEF586C0063CE7C /* FirebaseDatabase */; };
		58E9FF0A2DEF586C0063CE7C /* FirebaseDynamicLinks in Frameworks */ = {isa = PBXBuildFile; productRef = 58E9FF092DEF586C0063CE7C /* FirebaseDynamicLinks */; };
		58E9FF0C2DEF586C0063CE7C /* FirebaseFirestore in Frameworks */ = {isa = PBXBuildFile; productRef = 58E9FF0B2DEF586C0063CE7C /* FirebaseFirestore */; };
		58E9FF0E2DEF586C0063CE7C /* FirebaseFirestoreCombine-Community in Frameworks */ = {isa = PBXBuildFile; productRef = 58E9FF0D2DEF586C0063CE7C /* FirebaseFirestoreCombine-Community */; };
		58E9FF102DEF586C0063CE7C /* FirebaseFunctions in Frameworks */ = {isa = PBXBuildFile; productRef = 58E9FF0F2DEF586C0063CE7C /* FirebaseFunctions */; };
		58E9FF122DEF586C0063CE7C /* FirebaseFunctionsCombine-Community in Frameworks */ = {isa = PBXBuildFile; productRef = 58E9FF112DEF586C0063CE7C /* FirebaseFunctionsCombine-Community */; };
		58E9FF142DEF586C0063CE7C /* FirebaseInAppMessaging-Beta in Frameworks */ = {isa = PBXBuildFile; productRef = 58E9FF132DEF586C0063CE7C /* FirebaseInAppMessaging-Beta */; };
		58E9FF162DEF586C0063CE7C /* FirebaseInstallations in Frameworks */ = {isa = PBXBuildFile; productRef = 58E9FF152DEF586C0063CE7C /* FirebaseInstallations */; };
		58E9FF182DEF586C0063CE7C /* FirebaseMLModelDownloader in Frameworks */ = {isa = PBXBuildFile; productRef = 58E9FF172DEF586C0063CE7C /* FirebaseMLModelDownloader */; };
		58E9FF1A2DEF586C0063CE7C /* FirebaseMessaging in Frameworks */ = {isa = PBXBuildFile; productRef = 58E9FF192DEF586C0063CE7C /* FirebaseMessaging */; };
		58E9FF1C2DEF586C0063CE7C /* FirebasePerformance in Frameworks */ = {isa = PBXBuildFile; productRef = 58E9FF1B2DEF586C0063CE7C /* FirebasePerformance */; };
		58E9FF1E2DEF586C0063CE7C /* FirebaseRemoteConfig in Frameworks */ = {isa = PBXBuildFile; productRef = 58E9FF1D2DEF586C0063CE7C /* FirebaseRemoteConfig */; };
		58E9FF202DEF586C0063CE7C /* FirebaseStorage in Frameworks */ = {isa = PBXBuildFile; productRef = 58E9FF1F2DEF586C0063CE7C /* FirebaseStorage */; };
		58E9FF222DEF586C0063CE7C /* FirebaseStorageCombine-Community in Frameworks */ = {isa = PBXBuildFile; productRef = 58E9FF212DEF586C0063CE7C /* FirebaseStorageCombine-Community */; };
		58E9FF242DEF586C0063CE7C /* FirebaseVertexAI in Frameworks */ = {isa = PBXBuildFile; productRef = 58E9FF232DEF586C0063CE7C /* FirebaseVertexAI */; };
/* End PBXBuildFile section */

/* Begin PBXFileReference section */
		58D7D53D2DC5702700704C89 /* Restaurant Template.app */ = {isa = PBXFileReference; explicitFileType = wrapper.application; includeInIndex = 0; path = "Restaurant Template.app"; sourceTree = BUILT_PRODUCTS_DIR; };
/* End PBXFileReference section */

/* Begin PBXFileSystemSynchronizedRootGroup section */
		58D7D53F2DC5702700704C89 /* Restaurant Template */ = {
			isa = PBXFileSystemSynchronizedRootGroup;
			path = "Restaurant Template";
			sourceTree = "<group>";
		};
/* End PBXFileSystemSynchronizedRootGroup section */

/* Begin PBXFrameworksBuildPhase section */
		58D7D53A2DC5702700704C89 /* Frameworks */ = {
			isa = PBXFrameworksBuildPhase;
			buildActionMask = 2147483647;
			files = (
				58E9FEF62DEF586C0063CE7C /* FirebaseAnalytics in Frameworks */,
				58E9FF0C2DEF586C0063CE7C /* FirebaseFirestore in Frameworks */,
				58E9FEF82DEF586C0063CE7C /* FirebaseAnalyticsOnDeviceConversion in Frameworks */,
				58E9FF162DEF586C0063CE7C /* FirebaseInstallations in Frameworks */,
				58E9FEF42DEF586C0063CE7C /* FirebaseAI in Frameworks */,
				58E9FEFC2DEF586C0063CE7C /* FirebaseAppCheck in Frameworks */,
				58E9FF142DEF586C0063CE7C /* FirebaseInAppMessaging-Beta in Frameworks */,
				58E9FEFA2DEF586C0063CE7C /* FirebaseAnalyticsWithoutAdIdSupport in Frameworks */,
				58E9FF002DEF586C0063CE7C /* FirebaseAuth in Frameworks */,
				58E9FF122DEF586C0063CE7C /* FirebaseFunctionsCombine-Community in Frameworks */,
				58E9FF222DEF586C0063CE7C /* FirebaseStorageCombine-Community in Frameworks */,
				58E9FEFE2DEF586C0063CE7C /* FirebaseAppDistribution-Beta in Frameworks */,
				58E9FF242DEF586C0063CE7C /* FirebaseVertexAI in Frameworks */,
				58E9FF202DEF586C0063CE7C /* FirebaseStorage in Frameworks */,
				58E9FF1E2DEF586C0063CE7C /* FirebaseRemoteConfig in Frameworks */,
				58E9FF062DEF586C0063CE7C /* FirebaseCrashlytics in Frameworks */,
				58E9FF1A2DEF586C0063CE7C /* FirebaseMessaging in Frameworks */,
				58E9FF182DEF586C0063CE7C /* FirebaseMLModelDownloader in Frameworks */,
				58E9FF1C2DEF586C0063CE7C /* FirebasePerformance in Frameworks */,
				58E9FF082DEF586C0063CE7C /* FirebaseDatabase in Frameworks */,
				58E9FF042DEF586C0063CE7C /* FirebaseCore in Frameworks */,
				58E9FF022DEF586C0063CE7C /* FirebaseAuthCombine-Community in Frameworks */,
				58E9FF102DEF586C0063CE7C /* FirebaseFunctions in Frameworks */,
				58E9FF0A2DEF586C0063CE7C /* FirebaseDynamicLinks in Frameworks */,
				58E9FF0E2DEF586C0063CE7C /* FirebaseFirestoreCombine-Community in Frameworks */,
			);
			runOnlyForDeploymentPostprocessing = 0;
		};
/* End PBXFrameworksBuildPhase section */

/* Begin PBXGroup section */
		58D7D5342DC5702700704C89 = {
			isa = PBXGroup;
			children = (
				58D7D53F2DC5702700704C89 /* Restaurant Template */,
				58D7D53E2DC5702700704C89 /* Products */,
			);
			sourceTree = "<group>";
		};
		58D7D53E2DC5702700704C89 /* Products */ = {
			isa = PBXGroup;
			children = (
				58D7D53D2DC5702700704C89 /* Restaurant Template.app */,
			);
			name = Products;
			sourceTree = "<group>";
		};
/* End PBXGroup section */

/* Begin PBXNativeTarget section */
		58D7D53C2DC5702700704C89 /* Restaurant Template */ = {
			isa = PBXNativeTarget;
			buildConfigurationList = 58D7D5482DC5702800704C89 /* Build configuration list for PBXNativeTarget "Restaurant Template" */;
			buildPhases = (
				58D7D5392DC5702700704C89 /* Sources */,
				58D7D53A2DC5702700704C89 /* Frameworks */,
				58D7D53B2DC5702700704C89 /* Resources */,
			);
			buildRules = (
			);
			dependencies = (
			);
			fileSystemSynchronizedGroups = (
				58D7D53F2DC5702700704C89 /* Restaurant Template */,
			);
			name = "Restaurant Template";
			packageProductDependencies = (
				58E9FEF32DEF586C0063CE7C /* FirebaseAI */,
				58E9FEF52DEF586C0063CE7C /* FirebaseAnalytics */,
				58E9FEF72DEF586C0063CE7C /* FirebaseAnalyticsOnDeviceConversion */,
				58E9FEF92DEF586C0063CE7C /* FirebaseAnalyticsWithoutAdIdSupport */,
				58E9FEFB2DEF586C0063CE7C /* FirebaseAppCheck */,
				58E9FEFD2DEF586C0063CE7C /* FirebaseAppDistribution-Beta */,
				58E9FEFF2DEF586C0063CE7C /* FirebaseAuth */,
				58E9FF012DEF586C0063CE7C /* FirebaseAuthCombine-Community */,
				58E9FF032DEF586C0063CE7C /* FirebaseCore */,
				58E9FF052DEF586C0063CE7C /* FirebaseCrashlytics */,
				58E9FF072DEF586C0063CE7C /* FirebaseDatabase */,
				58E9FF092DEF586C0063CE7C /* FirebaseDynamicLinks */,
				58E9FF0B2DEF586C0063CE7C /* FirebaseFirestore */,
				58E9FF0D2DEF586C0063CE7C /* FirebaseFirestoreCombine-Community */,
				58E9FF0F2DEF586C0063CE7C /* FirebaseFunctions */,
				58E9FF112DEF586C0063CE7C /* FirebaseFunctionsCombine-Community */,
				58E9FF132DEF586C0063CE7C /* FirebaseInAppMessaging-Beta */,
				58E9FF152DEF586C0063CE7C /* FirebaseInstallations */,
				58E9FF172DEF586C0063CE7C /* FirebaseMLModelDownloader */,
				58E9FF192DEF586C0063CE7C /* FirebaseMessaging */,
				58E9FF1B2DEF586C0063CE7C /* FirebasePerformance */,
				58E9FF1D2DEF586C0063CE7C /* FirebaseRemoteConfig */,
				58E9FF1F2DEF586C0063CE7C /* FirebaseStorage */,
				58E9FF212DEF586C0063CE7C /* FirebaseStorageCombine-Community */,
				58E9FF232DEF586C0063CE7C /* FirebaseVertexAI */,
			);
			productName = "Restaurant Template";
			productReference = 58D7D53D2DC5702700704C89 /* Restaurant Template.app */;
			productType = "com.apple.product-type.application";
		};
/* End PBXNativeTarget section */

/* Begin PBXProject section */
		58D7D5352DC5702700704C89 /* Project object */ = {
			isa = PBXProject;
			attributes = {
				BuildIndependentTargetsInParallel = 1;
				LastSwiftUpdateCheck = 1630;
				LastUpgradeCheck = 1630;
				TargetAttributes = {
					58D7D53C2DC5702700704C89 = {
						CreatedOnToolsVersion = 16.3;
					};
				};
			};
			buildConfigurationList = 58D7D5382DC5702700704C89 /* Build configuration list for PBXProject "Restaurant Template" */;
			developmentRegion = en;
			hasScannedForEncodings = 0;
			knownRegions = (
				en,
				Base,
			);
			mainGroup = 58D7D5342DC5702700704C89;
			minimizedProjectReferenceProxies = 1;
			packageReferences = (
				58E9FEF22DEF586C0063CE7C /* XCRemoteSwiftPackageReference "firebase-ios-sdk" */,
			);
			preferredProjectObjectVersion = 77;
			productRefGroup = 58D7D53E2DC5702700704C89 /* Products */;
			projectDirPath = "";
			projectRoot = "";
			targets = (
				58D7D53C2DC5702700704C89 /* Restaurant Template */,
			);
		};
/* End PBXProject section */

/* Begin PBXResourcesBuildPhase section */
		58D7D53B2DC5702700704C89 /* Resources */ = {
			isa = PBXResourcesBuildPhase;
			buildActionMask = 2147483647;
			files = (
			);
			runOnlyForDeploymentPostprocessing = 0;
		};
/* End PBXResourcesBuildPhase section */

/* Begin PBXSourcesBuildPhase section */
		58D7D5392DC5702700704C89 /* Sources */ = {
			isa = PBXSourcesBuildPhase;
			buildActionMask = 2147483647;
			files = (
			);
			runOnlyForDeploymentPostprocessing = 0;
		};
/* End PBXSourcesBuildPhase section */

/* Begin XCBuildConfiguration section */
		58D7D5462DC5702800704C89 /* Debug */ = {
			isa = XCBuildConfiguration;
			buildSettings = {
				ALWAYS_SEARCH_USER_PATHS = NO;
				ASSETCATALOG_COMPILER_GENERATE_SWIFT_ASSET_SYMBOL_EXTENSIONS = YES;
				CLANG_ANALYZER_NONNULL = YES;
				CLANG_ANALYZER_NUMBER_OBJECT_CONVERSION = YES_AGGRESSIVE;
				CLANG_CXX_LANGUAGE_STANDARD = "gnu++20";
				CLANG_ENABLE_MODULES = YES;
				CLANG_ENABLE_OBJC_ARC = YES;
				CLANG_ENABLE_OBJC_WEAK = YES;
				CLANG_WARN_BLOCK_CAPTURE_AUTORELEASING = YES;
				CLANG_WARN_BOOL_CONVERSION = YES;
				CLANG_WARN_COMMA = YES;
				CLANG_WARN_CONSTANT_CONVERSION = YES;
				CLANG_WARN_DEPRECATED_OBJC_IMPLEMENTATIONS = YES;
				CLANG_WARN_DIRECT_OBJC_ISA_USAGE = YES_ERROR;
				CLANG_WARN_DOCUMENTATION_COMMENTS = YES;
				CLANG_WARN_EMPTY_BODY = YES;
				CLANG_WARN_ENUM_CONVERSION = YES;
				CLANG_WARN_INFINITE_RECURSION = YES;
				CLANG_WARN_INT_CONVERSION = YES;
				CLANG_WARN_NON_LITERAL_NULL_CONVERSION = YES;
				CLANG_WARN_OBJC_IMPLICIT_RETAIN_SELF = YES;
				CLANG_WARN_OBJC_LITERAL_CONVERSION = YES;
				CLANG_WARN_OBJC_ROOT_CLASS = YES_ERROR;
				CLANG_WARN_QUOTED_INCLUDE_IN_FRAMEWORK_HEADER = YES;
				CLANG_WARN_RANGE_LOOP_ANALYSIS = YES;
				CLANG_WARN_STRICT_PROTOTYPES = YES;
				CLANG_WARN_SUSPICIOUS_MOVE = YES;
				CLANG_WARN_UNGUARDED_AVAILABILITY = YES_AGGRESSIVE;
				CLANG_WARN_UNREACHABLE_CODE = YES;
				CLANG_WARN__DUPLICATE_METHOD_MATCH = YES;
				COPY_PHASE_STRIP = NO;
				DEBUG_INFORMATION_FORMAT = dwarf;
				DEVELOPMENT_TEAM = VXVZ28PY6U;
				ENABLE_STRICT_OBJC_MSGSEND = YES;
				ENABLE_TESTABILITY = YES;
				ENABLE_USER_SCRIPT_SANDBOXING = YES;
				GCC_C_LANGUAGE_STANDARD = gnu17;
				GCC_DYNAMIC_NO_PIC = NO;
				GCC_NO_COMMON_BLOCKS = YES;
				GCC_OPTIMIZATION_LEVEL = 0;
				GCC_PREPROCESSOR_DEFINITIONS = (
					"DEBUG=1",
					"$(inherited)",
				);
				GCC_WARN_64_TO_32_BIT_CONVERSION = YES;
				GCC_WARN_ABOUT_RETURN_TYPE = YES_ERROR;
				GCC_WARN_UNDECLARED_SELECTOR = YES;
				GCC_WARN_UNINITIALIZED_AUTOS = YES_AGGRESSIVE;
				GCC_WARN_UNUSED_FUNCTION = YES;
				GCC_WARN_UNUSED_VARIABLE = YES;
				IPHONEOS_DEPLOYMENT_TARGET = 18.4;
				LOCALIZATION_PREFERS_STRING_CATALOGS = YES;
				MTL_ENABLE_DEBUG_INFO = INCLUDE_SOURCE;
				MTL_FAST_MATH = YES;
				ONLY_ACTIVE_ARCH = YES;
				SDKROOT = iphoneos;
				SWIFT_ACTIVE_COMPILATION_CONDITIONS = "DEBUG $(inherited)";
				SWIFT_OPTIMIZATION_LEVEL = "-Onone";
			};
			name = Debug;
		};
		58D7D5472DC5702800704C89 /* Release */ = {
			isa = XCBuildConfiguration;
			buildSettings = {
				ALWAYS_SEARCH_USER_PATHS = NO;
				ASSETCATALOG_COMPILER_GENERATE_SWIFT_ASSET_SYMBOL_EXTENSIONS = YES;
				CLANG_ANALYZER_NONNULL = YES;
				CLANG_ANALYZER_NUMBER_OBJECT_CONVERSION = YES_AGGRESSIVE;
				CLANG_CXX_LANGUAGE_STANDARD = "gnu++20";
				CLANG_ENABLE_MODULES = YES;
				CLANG_ENABLE_OBJC_ARC = YES;
				CLANG_ENABLE_OBJC_WEAK = YES;
				CLANG_WARN_BLOCK_CAPTURE_AUTORELEASING = YES;
				CLANG_WARN_BOOL_CONVERSION = YES;
				CLANG_WARN_COMMA = YES;
				CLANG_WARN_CONSTANT_CONVERSION = YES;
				CLANG_WARN_DEPRECATED_OBJC_IMPLEMENTATIONS = YES;
				CLANG_WARN_DIRECT_OBJC_ISA_USAGE = YES_ERROR;
				CLANG_WARN_DOCUMENTATION_COMMENTS = YES;
				CLANG_WARN_EMPTY_BODY = YES;
				CLANG_WARN_ENUM_CONVERSION = YES;
				CLANG_WARN_INFINITE_RECURSION = YES;
				CLANG_WARN_INT_CONVERSION = YES;
				CLANG_WARN_NON_LITERAL_NULL_CONVERSION = YES;
				CLANG_WARN_OBJC_IMPLICIT_RETAIN_SELF = YES;
				CLANG_WARN_OBJC_LITERAL_CONVERSION = YES;
				CLANG_WARN_OBJC_ROOT_CLASS = YES_ERROR;
				CLANG_WARN_QUOTED_INCLUDE_IN_FRAMEWORK_HEADER = YES;
				CLANG_WARN_RANGE_LOOP_ANALYSIS = YES;
				CLANG_WARN_STRICT_PROTOTYPES = YES;
				CLANG_WARN_SUSPICIOUS_MOVE = YES;
				CLANG_WARN_UNGUARDED_AVAILABILITY = YES_AGGRESSIVE;
				CLANG_WARN_UNREACHABLE_CODE = YES;
				CLANG_WARN__DUPLICATE_METHOD_MATCH = YES;
				COPY_PHASE_STRIP = NO;
				DEBUG_INFORMATION_FORMAT = "dwarf-with-dsym";
				DEVELOPMENT_TEAM = VXVZ28PY6U;
				ENABLE_NS_ASSERTIONS = NO;
				ENABLE_STRICT_OBJC_MSGSEND = YES;
				ENABLE_USER_SCRIPT_SANDBOXING = YES;
				GCC_C_LANGUAGE_STANDARD = gnu17;
				GCC_NO_COMMON_BLOCKS = YES;
				GCC_WARN_64_TO_32_BIT_CONVERSION = YES;
				GCC_WARN_ABOUT_RETURN_TYPE = YES_ERROR;
				GCC_WARN_UNDECLARED_SELECTOR = YES;
				GCC_WARN_UNINITIALIZED_AUTOS = YES_AGGRESSIVE;
				GCC_WARN_UNUSED_FUNCTION = YES;
				GCC_WARN_UNUSED_VARIABLE = YES;
				IPHONEOS_DEPLOYMENT_TARGET = 18.4;
				LOCALIZATION_PREFERS_STRING_CATALOGS = YES;
				MTL_ENABLE_DEBUG_INFO = NO;
				MTL_FAST_MATH = YES;
				SDKROOT = iphoneos;
				SWIFT_COMPILATION_MODE = wholemodule;
				VALIDATE_PRODUCT = YES;
			};
			name = Release;
		};
		58D7D5492DC5702800704C89 /* Debug */ = {
			isa = XCBuildConfiguration;
			buildSettings = {
				ASSETCATALOG_COMPILER_APPICON_NAME = AppIcon;
				ASSETCATALOG_COMPILER_GLOBAL_ACCENT_COLOR_NAME = AccentColor;
				CODE_SIGN_STYLE = Automatic;
				CURRENT_PROJECT_VERSION = 1;
				DEVELOPMENT_TEAM = VXVZ28PY6U;
				ENABLE_PREVIEWS = YES;
				GENERATE_INFOPLIST_FILE = YES;
				INFOPLIST_FILE = "Restaurant-Template-Info.plist";
				INFOPLIST_KEY_UIApplicationSceneManifest_Generation = YES;
				INFOPLIST_KEY_UIApplicationSupportsIndirectInputEvents = YES;
				INFOPLIST_KEY_UILaunchScreen_Generation = YES;
				INFOPLIST_KEY_UISupportedInterfaceOrientations_iPad = "UIInterfaceOrientationPortrait UIInterfaceOrientationPortraitUpsideDown UIInterfaceOrientationLandscapeLeft UIInterfaceOrientationLandscapeRight";
				INFOPLIST_KEY_UISupportedInterfaceOrientations_iPhone = "UIInterfaceOrientationPortrait UIInterfaceOrientationLandscapeLeft UIInterfaceOrientationLandscapeRight";
				IPHONEOS_DEPLOYMENT_TARGET = 17.6;
				LD_RUNPATH_SEARCH_PATHS = (
					"$(inherited)",
					"@executable_path/Frameworks",
				);
				MARKETING_VERSION = 1.0;
				PRODUCT_BUNDLE_IDENTIFIER = "com.Connor-Hll.Restaurant-Template";
				PRODUCT_NAME = "$(TARGET_NAME)";
				SWIFT_EMIT_LOC_STRINGS = YES;
				SWIFT_VERSION = 5.0;
				TARGETED_DEVICE_FAMILY = "1,2";
			};
			name = Debug;
		};
		58D7D54A2DC5702800704C89 /* Release */ = {
			isa = XCBuildConfiguration;
			buildSettings = {
				ASSETCATALOG_COMPILER_APPICON_NAME = AppIcon;
				ASSETCATALOG_COMPILER_GLOBAL_ACCENT_COLOR_NAME = AccentColor;
				CODE_SIGN_STYLE = Automatic;
				CURRENT_PROJECT_VERSION = 1;
				DEVELOPMENT_TEAM = VXVZ28PY6U;
				ENABLE_PREVIEWS = YES;
				GENERATE_INFOPLIST_FILE = YES;
				INFOPLIST_FILE = "Restaurant-Template-Info.plist";
				INFOPLIST_KEY_UIApplicationSceneManifest_Generation = YES;
				INFOPLIST_KEY_UIApplicationSupportsIndirectInputEvents = YES;
				INFOPLIST_KEY_UILaunchScreen_Generation = YES;
				INFOPLIST_KEY_UISupportedInterfaceOrientations_iPad = "UIInterfaceOrientationPortrait UIInterfaceOrientationPortraitUpsideDown UIInterfaceOrientationLandscapeLeft UIInterfaceOrientationLandscapeRight";
				INFOPLIST_KEY_UISupportedInterfaceOrientations_iPhone = "UIInterfaceOrientationPortrait UIInterfaceOrientationLandscapeLeft UIInterfaceOrientationLandscapeRight";
				IPHONEOS_DEPLOYMENT_TARGET = 17.6;
				LD_RUNPATH_SEARCH_PATHS = (
					"$(inherited)",
					"@executable_path/Frameworks",
				);
				MARKETING_VERSION = 1.0;
				PRODUCT_BUNDLE_IDENTIFIER = "com.Connor-Hll.Restaurant-Template";
				PRODUCT_NAME = "$(TARGET_NAME)";
				SWIFT_EMIT_LOC_STRINGS = YES;
				SWIFT_VERSION = 5.0;
				TARGETED_DEVICE_FAMILY = "1,2";
			};
			name = Release;
		};
/* End XCBuildConfiguration section */

/* Begin XCConfigurationList section */
		58D7D5382DC5702700704C89 /* Build configuration list for PBXProject "Restaurant Template" */ = {
			isa = XCConfigurationList;
			buildConfigurations = (
				58D7D5462DC5702800704C89 /* Debug */,
				58D7D5472DC5702800704C89 /* Release */,
			);
			defaultConfigurationIsVisible = 0;
			defaultConfigurationName = Release;
		};
		58D7D5482DC5702800704C89 /* Build configuration list for PBXNativeTarget "Restaurant Template" */ = {
			isa = XCConfigurationList;
			buildConfigurations = (
				58D7D5492DC5702800704C89 /* Debug */,
				58D7D54A2DC5702800704C89 /* Release */,
			);
			defaultConfigurationIsVisible = 0;
			defaultConfigurationName = Release;
		};
/* End XCConfigurationList section */

/* Begin XCRemoteSwiftPackageReference section */
		58E9FEF22DEF586C0063CE7C /* XCRemoteSwiftPackageReference "firebase-ios-sdk" */ = {
			isa = XCRemoteSwiftPackageReference;
			repositoryURL = "https://github.com/firebase/firebase-ios-sdk";
			requirement = {
				kind = upToNextMajorVersion;
				minimumVersion = 11.13.0;
			};
		};
/* End XCRemoteSwiftPackageReference section */

/* Begin XCSwiftPackageProductDependency section */
		58E9FEF32DEF586C0063CE7C /* FirebaseAI */ = {
			isa = XCSwiftPackageProductDependency;
			package = 58E9FEF22DEF586C0063CE7C /* XCRemoteSwiftPackageReference "firebase-ios-sdk" */;
			productName = FirebaseAI;
		};
		58E9FEF52DEF586C0063CE7C /* FirebaseAnalytics */ = {
			isa = XCSwiftPackageProductDependency;
			package = 58E9FEF22DEF586C0063CE7C /* XCRemoteSwiftPackageReference "firebase-ios-sdk" */;
			productName = FirebaseAnalytics;
		};
		58E9FEF72DEF586C0063CE7C /* FirebaseAnalyticsOnDeviceConversion */ = {
			isa = XCSwiftPackageProductDependency;
			package = 58E9FEF22DEF586C0063CE7C /* XCRemoteSwiftPackageReference "firebase-ios-sdk" */;
			productName = FirebaseAnalyticsOnDeviceConversion;
		};
		58E9FEF92DEF586C0063CE7C /* FirebaseAnalyticsWithoutAdIdSupport */ = {
			isa = XCSwiftPackageProductDependency;
			package = 58E9FEF22DEF586C0063CE7C /* XCRemoteSwiftPackageReference "firebase-ios-sdk" */;
			productName = FirebaseAnalyticsWithoutAdIdSupport;
		};
		58E9FEFB2DEF586C0063CE7C /* FirebaseAppCheck */ = {
			isa = XCSwiftPackageProductDependency;
			package = 58E9FEF22DEF586C0063CE7C /* XCRemoteSwiftPackageReference "firebase-ios-sdk" */;
			productName = FirebaseAppCheck;
		};
		58E9FEFD2DEF586C0063CE7C /* FirebaseAppDistribution-Beta */ = {
			isa = XCSwiftPackageProductDependency;
			package = 58E9FEF22DEF586C0063CE7C /* XCRemoteSwiftPackageReference "firebase-ios-sdk" */;
			productName = "FirebaseAppDistribution-Beta";
		};
		58E9FEFF2DEF586C0063CE7C /* FirebaseAuth */ = {
			isa = XCSwiftPackageProductDependency;
			package = 58E9FEF22DEF586C0063CE7C /* XCRemoteSwiftPackageReference "firebase-ios-sdk" */;
			productName = FirebaseAuth;
		};
		58E9FF012DEF586C0063CE7C /* FirebaseAuthCombine-Community */ = {
			isa = XCSwiftPackageProductDependency;
			package = 58E9FEF22DEF586C0063CE7C /* XCRemoteSwiftPackageReference "firebase-ios-sdk" */;
			productName = "FirebaseAuthCombine-Community";
		};
		58E9FF032DEF586C0063CE7C /* FirebaseCore */ = {
			isa = XCSwiftPackageProductDependency;
			package = 58E9FEF22DEF586C0063CE7C /* XCRemoteSwiftPackageReference "firebase-ios-sdk" */;
			productName = FirebaseCore;
		};
		58E9FF052DEF586C0063CE7C /* FirebaseCrashlytics */ = {
			isa = XCSwiftPackageProductDependency;
			package = 58E9FEF22DEF586C0063CE7C /* XCRemoteSwiftPackageReference "firebase-ios-sdk" */;
			productName = FirebaseCrashlytics;
		};
		58E9FF072DEF586C0063CE7C /* FirebaseDatabase */ = {
			isa = XCSwiftPackageProductDependency;
			package = 58E9FEF22DEF586C0063CE7C /* XCRemoteSwiftPackageReference "firebase-ios-sdk" */;
			productName = FirebaseDatabase;
		};
		58E9FF092DEF586C0063CE7C /* FirebaseDynamicLinks */ = {
			isa = XCSwiftPackageProductDependency;
			package = 58E9FEF22DEF586C0063CE7C /* XCRemoteSwiftPackageReference "firebase-ios-sdk" */;
			productName = FirebaseDynamicLinks;
		};
		58E9FF0B2DEF586C0063CE7C /* FirebaseFirestore */ = {
			isa = XCSwiftPackageProductDependency;
			package = 58E9FEF22DEF586C0063CE7C /* XCRemoteSwiftPackageReference "firebase-ios-sdk" */;
			productName = FirebaseFirestore;
		};
		58E9FF0D2DEF586C0063CE7C /* FirebaseFirestoreCombine-Community */ = {
			isa = XCSwiftPackageProductDependency;
			package = 58E9FEF22DEF586C0063CE7C /* XCRemoteSwiftPackageReference "firebase-ios-sdk" */;
			productName = "FirebaseFirestoreCombine-Community";
		};
		58E9FF0F2DEF586C0063CE7C /* FirebaseFunctions */ = {
			isa = XCSwiftPackageProductDependency;
			package = 58E9FEF22DEF586C0063CE7C /* XCRemoteSwiftPackageReference "firebase-ios-sdk" */;
			productName = FirebaseFunctions;
		};
		58E9FF112DEF586C0063CE7C /* FirebaseFunctionsCombine-Community */ = {
			isa = XCSwiftPackageProductDependency;
			package = 58E9FEF22DEF586C0063CE7C /* XCRemoteSwiftPackageReference "firebase-ios-sdk" */;
			productName = "FirebaseFunctionsCombine-Community";
		};
		58E9FF132DEF586C0063CE7C /* FirebaseInAppMessaging-Beta */ = {
			isa = XCSwiftPackageProductDependency;
			package = 58E9FEF22DEF586C0063CE7C /* XCRemoteSwiftPackageReference "firebase-ios-sdk" */;
			productName = "FirebaseInAppMessaging-Beta";
		};
		58E9FF152DEF586C0063CE7C /* FirebaseInstallations */ = {
			isa = XCSwiftPackageProductDependency;
			package = 58E9FEF22DEF586C0063CE7C /* XCRemoteSwiftPackageReference "firebase-ios-sdk" */;
			productName = FirebaseInstallations;
		};
		58E9FF172DEF586C0063CE7C /* FirebaseMLModelDownloader */ = {
			isa = XCSwiftPackageProductDependency;
			package = 58E9FEF22DEF586C0063CE7C /* XCRemoteSwiftPackageReference "firebase-ios-sdk" */;
			productName = FirebaseMLModelDownloader;
		};
		58E9FF192DEF586C0063CE7C /* FirebaseMessaging */ = {
			isa = XCSwiftPackageProductDependency;
			package = 58E9FEF22DEF586C0063CE7C /* XCRemoteSwiftPackageReference "firebase-ios-sdk" */;
			productName = FirebaseMessaging;
		};
		58E9FF1B2DEF586C0063CE7C /* FirebasePerformance */ = {
			isa = XCSwiftPackageProductDependency;
			package = 58E9FEF22DEF586C0063CE7C /* XCRemoteSwiftPackageReference "firebase-ios-sdk" */;
			productName = FirebasePerformance;
		};
		58E9FF1D2DEF586C0063CE7C /* FirebaseRemoteConfig */ = {
			isa = XCSwiftPackageProductDependency;
			package = 58E9FEF22DEF586C0063CE7C /* XCRemoteSwiftPackageReference "firebase-ios-sdk" */;
			productName = FirebaseRemoteConfig;
		};
		58E9FF1F2DEF586C0063CE7C /* FirebaseStorage */ = {
			isa = XCSwiftPackageProductDependency;
			package = 58E9FEF22DEF586C0063CE7C /* XCRemoteSwiftPackageReference "firebase-ios-sdk" */;
			productName = FirebaseStorage;
		};
		58E9FF212DEF586C0063CE7C /* FirebaseStorageCombine-Community */ = {
			isa = XCSwiftPackageProductDependency;
			package = 58E9FEF22DEF586C0063CE7C /* XCRemoteSwiftPackageReference "firebase-ios-sdk" */;
			productName = "FirebaseStorageCombine-Community";
		};
		58E9FF232DEF586C0063CE7C /* FirebaseVertexAI */ = {
			isa = XCSwiftPackageProductDependency;
			package = 58E9FEF22DEF586C0063CE7C /* XCRemoteSwiftPackageReference "firebase-ios-sdk" */;
			productName = FirebaseVertexAI;
		};
/* End XCSwiftPackageProductDependency section */
	};
	rootObject = 58D7D5352DC5702700704C89 /* Project object */;
}
